
Microsoft Visual Studio Solution File, Format Version 12.00
# Visual Studio 15
Project("{FAE04EC0-301F-11D3-BF4B-00C04F79EFBC}") = "UnityEngine.TestRunner", "UnityEngine.TestRunner.csproj", "{ABD67877-A8AC-96ED-093C-6D2112581F1F}"
EndProject
Project("{FAE04EC0-301F-11D3-BF4B-00C04F79EFBC}") = "Unity.VisualScripting.Flow", "Unity.VisualScripting.Flow.csproj", "{236307C4-FBD3-D9D7-0C61-EB991B0EE37D}"
EndProject
Project("{FAE04EC0-301F-11D3-BF4B-00C04F79EFBC}") = "Unity.VisualScripting.State", "Unity.VisualScripting.State.csproj", "{1D562E0B-EF80-AEFE-2976-F18A7562CAB7}"
EndProject
Project("{FAE04EC0-301F-11D3-BF4B-00C04F79EFBC}") = "Unity.VisualScripting.Core", "Unity.VisualScripting.Core.csproj", "{7959F182-7185-FC33-C664-BC56581B3E7E}"
EndProject
Project("{FAE04EC0-301F-11D3-BF4B-00C04F79EFBC}") = "Unity.TextMeshPro", "Unity.TextMeshPro.csproj", "{D0A41E3C-AE85-D42C-881F-37845B55AF5B}"
EndProject
Project("{FAE04EC0-301F-11D3-BF4B-00C04F79EFBC}") = "Unity.Timeline", "Unity.Timeline.csproj", "{A929C10D-6994-21CE-A11F-5E1F0D2098CA}"
EndProject
Project("{FAE04EC0-301F-11D3-BF4B-00C04F79EFBC}") = "Assembly-CSharp", "Assembly-CSharp.csproj", "{4E0E38AA-648C-1B85-EF06-2C2CEE4DF133}"
EndProject
Project("{FAE04EC0-301F-11D3-BF4B-00C04F79EFBC}") = "Unity.PlasticSCM.Editor", "Unity.PlasticSCM.Editor.csproj", "{F7A73D8D-C11C-F400-5BAB-851181D189EF}"
EndProject
Project("{FAE04EC0-301F-11D3-BF4B-00C04F79EFBC}") = "Unity.VisualScripting.Core.Editor", "Unity.VisualScripting.Core.Editor.csproj", "{D1605CE7-4473-3F64-C728-1CE3467F2388}"
EndProject
Project("{FAE04EC0-301F-11D3-BF4B-00C04F79EFBC}") = "Unity.VisualScripting.Flow.Editor", "Unity.VisualScripting.Flow.Editor.csproj", "{D64CD308-FDE6-A551-3D74-61CFAAB5A4F1}"
EndProject
Project("{FAE04EC0-301F-11D3-BF4B-00C04F79EFBC}") = "Unity.VisualStudio.Editor", "Unity.VisualStudio.Editor.csproj", "{5A9CF816-2C6E-365E-E765-0106FB12256D}"
EndProject
Project("{FAE04EC0-301F-11D3-BF4B-00C04F79EFBC}") = "Unity.Timeline.Editor", "Unity.Timeline.Editor.csproj", "{59A310C1-7BEC-E00A-F092-F9AA3BAA2813}"
EndProject
Project("{FAE04EC0-301F-11D3-BF4B-00C04F79EFBC}") = "Unity.VisualScripting.State.Editor", "Unity.VisualScripting.State.Editor.csproj", "{F2F1CDC4-916D-4A86-D09D-2FD210533478}"
EndProject
Project("{FAE04EC0-301F-11D3-BF4B-00C04F79EFBC}") = "Unity.TextMeshPro.Editor", "Unity.TextMeshPro.Editor.csproj", "{4B3D8318-D60A-57D9-D637-00F410D96A69}"
EndProject
Project("{FAE04EC0-301F-11D3-BF4B-00C04F79EFBC}") = "Unity.VisualScripting.SettingsProvider.Editor", "Unity.VisualScripting.SettingsProvider.Editor.csproj", "{EE7814AF-A142-CEBC-5925-24F692AB6F05}"
EndProject
Project("{FAE04EC0-301F-11D3-BF4B-00C04F79EFBC}") = "UnityEditor.TestRunner", "UnityEditor.TestRunner.csproj", "{B2477A93-39B2-A4E1-5561-3860062760E0}"
EndProject
Project("{FAE04EC0-301F-11D3-BF4B-00C04F79EFBC}") = "Unity.TestTools.CodeCoverage.Editor", "Unity.TestTools.CodeCoverage.Editor.csproj", "{B455614B-415F-27A7-65D0-F38E24102306}"
EndProject
Project("{FAE04EC0-301F-11D3-BF4B-00C04F79EFBC}") = "Unity.Rider.Editor", "Unity.Rider.Editor.csproj", "{FE2ABB9C-1F50-88E9-673E-2C2EA4CA94BE}"
EndProject
Project("{FAE04EC0-301F-11D3-BF4B-00C04F79EFBC}") = "Unity.Performance.Profile-Analyzer.Editor", "Unity.Performance.Profile-Analyzer.Editor.csproj", "{1A19EDDB-2B8E-5CC4-F824-E4B137E17A8D}"
EndProject
Project("{FAE04EC0-301F-11D3-BF4B-00C04F79EFBC}") = "Unity.VSCode.Editor", "Unity.VSCode.Editor.csproj", "{DDDA82E6-6FC6-66D4-8645-0112C0C2CA53}"
EndProject
Project("{FAE04EC0-301F-11D3-BF4B-00C04F79EFBC}") = "Unity.TestTools.CodeCoverage.Editor.OpenCover.Model", "Unity.TestTools.CodeCoverage.Editor.OpenCover.Model.csproj", "{412B57FC-F102-429B-92F6-5F50DC74828A}"
EndProject
Project("{FAE04EC0-301F-11D3-BF4B-00C04F79EFBC}") = "Unity.EditorCoroutines.Editor", "Unity.EditorCoroutines.Editor.csproj", "{14DF56F7-CD8F-72BD-D1B1-6D9C3F6DA0BF}"
EndProject
Project("{FAE04EC0-301F-11D3-BF4B-00C04F79EFBC}") = "Unity.Settings.Editor", "Unity.Settings.Editor.csproj", "{E5C10D7C-2372-359D-D51F-B3F2EC7BFA90}"
EndProject
Project("{FAE04EC0-301F-11D3-BF4B-00C04F79EFBC}") = "Unity.CollabProxy.Editor", "Unity.CollabProxy.Editor.csproj", "{DB38D99B-2699-44E2-7F79-20BC2A95E98E}"
EndProject
Project("{FAE04EC0-301F-11D3-BF4B-00C04F79EFBC}") = "Unity.TestTools.CodeCoverage.Editor.OpenCover.Mono.Reflection", "Unity.TestTools.CodeCoverage.Editor.OpenCover.Mono.Reflection.csproj", "{7DDE4C07-49A5-8745-C5A0-0AD9D7BC489E}"
EndProject
Project("{FAE04EC0-301F-11D3-BF4B-00C04F79EFBC}") = "Unity.VisualScripting.Shared.Editor", "Unity.VisualScripting.Shared.Editor.csproj", "{D1AE0598-D9F0-DC7A-7B95-674A59B04810}"
EndProject
Global
	GlobalSection(SolutionConfigurationPlatforms) = preSolution
		Debug|Any CPU = Debug|Any CPU
		Release|Any CPU = Release|Any CPU
	EndGlobalSection
	GlobalSection(ProjectConfigurationPlatforms) = postSolution
		{ABD67877-A8AC-96ED-093C-6D2112581F1F}.Debug|Any CPU.ActiveCfg = Debug|Any CPU
		{ABD67877-A8AC-96ED-093C-6D2112581F1F}.Debug|Any CPU.Build.0 = Debug|Any CPU
		{ABD67877-A8AC-96ED-093C-6D2112581F1F}.Release|Any CPU.ActiveCfg = Release|Any CPU
		{ABD67877-A8AC-96ED-093C-6D2112581F1F}.Release|Any CPU.Build.0 = Release|Any CPU
		{236307C4-FBD3-D9D7-0C61-EB991B0EE37D}.Debug|Any CPU.ActiveCfg = Debug|Any CPU
		{236307C4-FBD3-D9D7-0C61-EB991B0EE37D}.Debug|Any CPU.Build.0 = Debug|Any CPU
		{236307C4-FBD3-D9D7-0C61-EB991B0EE37D}.Release|Any CPU.ActiveCfg = Release|Any CPU
		{236307C4-FBD3-D9D7-0C61-EB991B0EE37D}.Release|Any CPU.Build.0 = Release|Any CPU
		{1D562E0B-EF80-AEFE-2976-F18A7562CAB7}.Debug|Any CPU.ActiveCfg = Debug|Any CPU
		{1D562E0B-EF80-AEFE-2976-F18A7562CAB7}.Debug|Any CPU.Build.0 = Debug|Any CPU
		{1D562E0B-EF80-AEFE-2976-F18A7562CAB7}.Release|Any CPU.ActiveCfg = Release|Any CPU
		{1D562E0B-EF80-AEFE-2976-F18A7562CAB7}.Release|Any CPU.Build.0 = Release|Any CPU
		{7959F182-7185-FC33-C664-BC56581B3E7E}.Debug|Any CPU.ActiveCfg = Debug|Any CPU
		{7959F182-7185-FC33-C664-BC56581B3E7E}.Debug|Any CPU.Build.0 = Debug|Any CPU
		{7959F182-7185-FC33-C664-BC56581B3E7E}.Release|Any CPU.ActiveCfg = Release|Any CPU
		{7959F182-7185-FC33-C664-BC56581B3E7E}.Release|Any CPU.Build.0 = Release|Any CPU
		{D0A41E3C-AE85-D42C-881F-37845B55AF5B}.Debug|Any CPU.ActiveCfg = Debug|Any CPU
		{D0A41E3C-AE85-D42C-881F-37845B55AF5B}.Debug|Any CPU.Build.0 = Debug|Any CPU
		{D0A41E3C-AE85-D42C-881F-37845B55AF5B}.Release|Any CPU.ActiveCfg = Release|Any CPU
		{D0A41E3C-AE85-D42C-881F-37845B55AF5B}.Release|Any CPU.Build.0 = Release|Any CPU
		{A929C10D-6994-21CE-A11F-5E1F0D2098CA}.Debug|Any CPU.ActiveCfg = Debug|Any CPU
		{A929C10D-6994-21CE-A11F-5E1F0D2098CA}.Debug|Any CPU.Build.0 = Debug|Any CPU
		{A929C10D-6994-21CE-A11F-5E1F0D2098CA}.Release|Any CPU.ActiveCfg = Release|Any CPU
		{A929C10D-6994-21CE-A11F-5E1F0D2098CA}.Release|Any CPU.Build.0 = Release|Any CPU
		{4E0E38AA-648C-1B85-EF06-2C2CEE4DF133}.Debug|Any CPU.ActiveCfg = Debug|Any CPU
		{4E0E38AA-648C-1B85-EF06-2C2CEE4DF133}.Debug|Any CPU.Build.0 = Debug|Any CPU
		{4E0E38AA-648C-1B85-EF06-2C2CEE4DF133}.Release|Any CPU.ActiveCfg = Release|Any CPU
		{4E0E38AA-648C-1B85-EF06-2C2CEE4DF133}.Release|Any CPU.Build.0 = Release|Any CPU
		{F7A73D8D-C11C-F400-5BAB-851181D189EF}.Debug|Any CPU.ActiveCfg = Debug|Any CPU
		{F7A73D8D-C11C-F400-5BAB-851181D189EF}.Debug|Any CPU.Build.0 = Debug|Any CPU
		{F7A73D8D-C11C-F400-5BAB-851181D189EF}.Release|Any CPU.ActiveCfg = Release|Any CPU
		{F7A73D8D-C11C-F400-5BAB-851181D189EF}.Release|Any CPU.Build.0 = Release|Any CPU
		{D1605CE7-4473-3F64-C728-1CE3467F2388}.Debug|Any CPU.ActiveCfg = Debug|Any CPU
		{D1605CE7-4473-3F64-C728-1CE3467F2388}.Debug|Any CPU.Build.0 = Debug|Any CPU
		{D1605CE7-4473-3F64-C728-1CE3467F2388}.Release|Any CPU.ActiveCfg = Release|Any CPU
		{D1605CE7-4473-3F64-C728-1CE3467F2388}.Release|Any CPU.Build.0 = Release|Any CPU
		{D64CD308-FDE6-A551-3D74-61CFAAB5A4F1}.Debug|Any CPU.ActiveCfg = Debug|Any CPU
		{D64CD308-FDE6-A551-3D74-61CFAAB5A4F1}.Debug|Any CPU.Build.0 = Debug|Any CPU
		{D64CD308-FDE6-A551-3D74-61CFAAB5A4F1}.Release|Any CPU.ActiveCfg = Release|Any CPU
		{D64CD308-FDE6-A551-3D74-61CFAAB5A4F1}.Release|Any CPU.Build.0 = Release|Any CPU
		{5A9CF816-2C6E-365E-E765-0106FB12256D}.Debug|Any CPU.ActiveCfg = Debug|Any CPU
		{5A9CF816-2C6E-365E-E765-0106FB12256D}.Debug|Any CPU.Build.0 = Debug|Any CPU
		{5A9CF816-2C6E-365E-E765-0106FB12256D}.Release|Any CPU.ActiveCfg = Release|Any CPU
		{5A9CF816-2C6E-365E-E765-0106FB12256D}.Release|Any CPU.Build.0 = Release|Any CPU
		{59A310C1-7BEC-E00A-F092-F9AA3BAA2813}.Debug|Any CPU.ActiveCfg = Debug|Any CPU
		{59A310C1-7BEC-E00A-F092-F9AA3BAA2813}.Debug|Any CPU.Build.0 = Debug|Any CPU
		{59A310C1-7BEC-E00A-F092-F9AA3BAA2813}.Release|Any CPU.ActiveCfg = Release|Any CPU
		{59A310C1-7BEC-E00A-F092-F9AA3BAA2813}.Release|Any CPU.Build.0 = Release|Any CPU
		{F2F1CDC4-916D-4A86-D09D-2FD210533478}.Debug|Any CPU.ActiveCfg = Debug|Any CPU
		{F2F1CDC4-916D-4A86-D09D-2FD210533478}.Debug|Any CPU.Build.0 = Debug|Any CPU
		{F2F1CDC4-916D-4A86-D09D-2FD210533478}.Release|Any CPU.ActiveCfg = Release|Any CPU
		{F2F1CDC4-916D-4A86-D09D-2FD210533478}.Release|Any CPU.Build.0 = Release|Any CPU
		{4B3D8318-D60A-57D9-D637-00F410D96A69}.Debug|Any CPU.ActiveCfg = Debug|Any CPU
		{4B3D8318-D60A-57D9-D637-00F410D96A69}.Debug|Any CPU.Build.0 = Debug|Any CPU
		{4B3D8318-D60A-57D9-D637-00F410D96A69}.Release|Any CPU.ActiveCfg = Release|Any CPU
		{4B3D8318-D60A-57D9-D637-00F410D96A69}.Release|Any CPU.Build.0 = Release|Any CPU
		{EE7814AF-A142-CEBC-5925-24F692AB6F05}.Debug|Any CPU.ActiveCfg = Debug|Any CPU
		{EE7814AF-A142-CEBC-5925-24F692AB6F05}.Debug|Any CPU.Build.0 = Debug|Any CPU
		{EE7814AF-A142-CEBC-5925-24F692AB6F05}.Release|Any CPU.ActiveCfg = Release|Any CPU
		{EE7814AF-A142-CEBC-5925-24F692AB6F05}.Release|Any CPU.Build.0 = Release|Any CPU
		{B2477A93-39B2-A4E1-5561-3860062760E0}.Debug|Any CPU.ActiveCfg = Debug|Any CPU
		{B2477A93-39B2-A4E1-5561-3860062760E0}.Debug|Any CPU.Build.0 = Debug|Any CPU
		{B2477A93-39B2-A4E1-5561-3860062760E0}.Release|Any CPU.ActiveCfg = Release|Any CPU
		{B2477A93-39B2-A4E1-5561-3860062760E0}.Release|Any CPU.Build.0 = Release|Any CPU
		{B455614B-415F-27A7-65D0-F38E24102306}.Debug|Any CPU.ActiveCfg = Debug|Any CPU
		{B455614B-415F-27A7-65D0-F38E24102306}.Debug|Any CPU.Build.0 = Debug|Any CPU
		{B455614B-415F-27A7-65D0-F38E24102306}.Release|Any CPU.ActiveCfg = Release|Any CPU
		{B455614B-415F-27A7-65D0-F38E24102306}.Release|Any CPU.Build.0 = Release|Any CPU
		{FE2ABB9C-1F50-88E9-673E-2C2EA4CA94BE}.Debug|Any CPU.ActiveCfg = Debug|Any CPU
		{FE2ABB9C-1F50-88E9-673E-2C2EA4CA94BE}.Debug|Any CPU.Build.0 = Debug|Any CPU
		{FE2ABB9C-1F50-88E9-673E-2C2EA4CA94BE}.Release|Any CPU.ActiveCfg = Release|Any CPU
		{FE2ABB9C-1F50-88E9-673E-2C2EA4CA94BE}.Release|Any CPU.Build.0 = Release|Any CPU
		{1A19EDDB-2B8E-5CC4-F824-E4B137E17A8D}.Debug|Any CPU.ActiveCfg = Debug|Any CPU
		{1A19EDDB-2B8E-5CC4-F824-E4B137E17A8D}.Debug|Any CPU.Build.0 = Debug|Any CPU
		{1A19EDDB-2B8E-5CC4-F824-E4B137E17A8D}.Release|Any CPU.ActiveCfg = Release|Any CPU
		{1A19EDDB-2B8E-5CC4-F824-E4B137E17A8D}.Release|Any CPU.Build.0 = Release|Any CPU
		{DDDA82E6-6FC6-66D4-8645-0112C0C2CA53}.Debug|Any CPU.ActiveCfg = Debug|Any CPU
		{DDDA82E6-6FC6-66D4-8645-0112C0C2CA53}.Debug|Any CPU.Build.0 = Debug|Any CPU
		{DDDA82E6-6FC6-66D4-8645-0112C0C2CA53}.Release|Any CPU.ActiveCfg = Release|Any CPU
		{DDDA82E6-6FC6-66D4-8645-0112C0C2CA53}.Release|Any CPU.Build.0 = Release|Any CPU
		{412B57FC-F102-429B-92F6-5F50DC74828A}.Debug|Any CPU.ActiveCfg = Debug|Any CPU
		{412B57FC-F102-429B-92F6-5F50DC74828A}.Debug|Any CPU.Build.0 = Debug|Any CPU
		{412B57FC-F102-429B-92F6-5F50DC74828A}.Release|Any CPU.ActiveCfg = Release|Any CPU
		{412B57FC-F102-429B-92F6-5F50DC74828A}.Release|Any CPU.Build.0 = Release|Any CPU
		{14DF56F7-CD8F-72BD-D1B1-6D9C3F6DA0BF}.Debug|Any CPU.ActiveCfg = Debug|Any CPU
		{14DF56F7-CD8F-72BD-D1B1-6D9C3F6DA0BF}.Debug|Any CPU.Build.0 = Debug|Any CPU
		{14DF56F7-CD8F-72BD-D1B1-6D9C3F6DA0BF}.Release|Any CPU.ActiveCfg = Release|Any CPU
		{14DF56F7-CD8F-72BD-D1B1-6D9C3F6DA0BF}.Release|Any CPU.Build.0 = Release|Any CPU
		{E5C10D7C-2372-359D-D51F-B3F2EC7BFA90}.Debug|Any CPU.ActiveCfg = Debug|Any CPU
		{E5C10D7C-2372-359D-D51F-B3F2EC7BFA90}.Debug|Any CPU.Build.0 = Debug|Any CPU
		{E5C10D7C-2372-359D-D51F-B3F2EC7BFA90}.Release|Any CPU.ActiveCfg = Release|Any CPU
		{E5C10D7C-2372-359D-D51F-B3F2EC7BFA90}.Release|Any CPU.Build.0 = Release|Any CPU
		{DB38D99B-2699-44E2-7F79-20BC2A95E98E}.Debug|Any CPU.ActiveCfg = Debug|Any CPU
		{DB38D99B-2699-44E2-7F79-20BC2A95E98E}.Debug|Any CPU.Build.0 = Debug|Any CPU
		{DB38D99B-2699-44E2-7F79-20BC2A95E98E}.Release|Any CPU.ActiveCfg = Release|Any CPU
		{DB38D99B-2699-44E2-7F79-20BC2A95E98E}.Release|Any CPU.Build.0 = Release|Any CPU
		{7DDE4C07-49A5-8745-C5A0-0AD9D7BC489E}.Debug|Any CPU.ActiveCfg = Debug|Any CPU
		{7DDE4C07-49A5-8745-C5A0-0AD9D7BC489E}.Debug|Any CPU.Build.0 = Debug|Any CPU
		{7DDE4C07-49A5-8745-C5A0-0AD9D7BC489E}.Release|Any CPU.ActiveCfg = Release|Any CPU
		{7DDE4C07-49A5-8745-C5A0-0AD9D7BC489E}.Release|Any CPU.Build.0 = Release|Any CPU
		{D1AE0598-D9F0-DC7A-7B95-674A59B04810}.Debug|Any CPU.ActiveCfg = Debug|Any CPU
		{D1AE0598-D9F0-DC7A-7B95-674A59B04810}.Debug|Any CPU.Build.0 = Debug|Any CPU
		{D1AE0598-D9F0-DC7A-7B95-674A59B04810}.Release|Any CPU.ActiveCfg = Release|Any CPU
		{D1AE0598-D9F0-DC7A-7B95-674A59B04810}.Release|Any CPU.Build.0 = Release|Any CPU
	EndGlobalSection
	GlobalSection(SolutionProperties) = preSolution
		HideSolutionNode = FALSE
	EndGlobalSection
EndGlobal
